
Microsoft Visual Studio Solution File, Format Version 12.00
# Visual Studio Version 16
VisualStudioVersion = 16.0.30413.136
MinimumVisualStudioVersion = 10.0.40219.1
Project("{FAE04EC0-301F-11D3-BF4B-00C04F79EFBC}") = "C_sharp_DZ_11_1", "C_sharp_DZ_11_1\C_sharp_DZ_11_1.csproj", "{9E74C405-5506-42DA-B2AA-C2139C0541F6}"
EndProject
Global
	GlobalSection(SolutionConfigurationPlatforms) = preSolution
		Debug|Any CPU = Debug|Any CPU
		Release|Any CPU = Release|Any CPU
	EndGlobalSection
	GlobalSection(ProjectConfigurationPlatforms) = postSolution
		{9E74C405-5506-42DA-B2AA-C2139C0541F6}.Debug|Any CPU.ActiveCfg = Debug|Any CPU
		{9E74C405-5506-42DA-B2AA-C2139C0541F6}.Debug|Any CPU.Build.0 = Debug|Any CPU
		{9E74C405-5506-42DA-B2AA-C2139C0541F6}.Release|Any CPU.ActiveCfg = Release|Any CPU
		{9E74C405-5506-42DA-B2AA-C2139C0541F6}.Release|Any CPU.Build.0 = Release|Any CPU
	EndGlobalSection
	GlobalSection(SolutionProperties) = preSolution
		HideSolutionNode = FALSE
	EndGlobalSection
	GlobalSection(ExtensibilityGlobals) = postSolution
		SolutionGuid = {416B0F2B-6863-45CD-A158-830032E807D1}
	EndGlobalSection
EndGlobal
